
Microsoft Visual Studio Solution File, Format Version 12.00
# Visual Studio 15
VisualStudioVersion = 15.0.28307.757
MinimumVisualStudioVersion = 10.0.40219.1
Project("{2150E333-8FDC-42A3-9474-1A3956D46DE8}") = "Solution Items", "Solution Items", "{559F579B-AF72-418F-B13F-40E8246E2DC7}"
	ProjectSection(SolutionItems) = preProject
		Readme.md = Readme.md
	EndProjectSection
EndProject
Project("{9A19103F-16F7-4668-BE54-9A1E7A4F7556}") = "SerilogSampleConsole", "SerilogSampleConsole\SerilogSampleConsole.csproj", "{9F6C7A29-758D-481F-8FF5-8B0C1D99BFB3}"
EndProject
Project("{9A19103F-16F7-4668-BE54-9A1E7A4F7556}") = "SerilogSampleApi", "SerilogSampleApi\SerilogSampleApi.csproj", "{67644281-E688-4387-A5C2-911B99F79937}"
EndProject
Project("{2150E333-8FDC-42A3-9474-1A3956D46DE8}") = "Serilog", "Serilog", "{CA1B561E-F19A-4E68-94D5-0FC7BFA0AD06}"
EndProject
Project("{2150E333-8FDC-42A3-9474-1A3956D46DE8}") = "NLog", "NLog", "{AF442D41-3982-477D-91B2-FC5B6581B419}"
EndProject
Project("{9A19103F-16F7-4668-BE54-9A1E7A4F7556}") = "NLogSampleApi", "NLogSampleApi\NLogSampleApi.csproj", "{F07867CC-183E-45D2-B8C2-3DEFD91C7D22}"
EndProject
Project("{2150E333-8FDC-42A3-9474-1A3956D46DE8}") = "DiagnosticTrace", "DiagnosticTrace", "{209BD12B-FABE-417B-B195-A9A8E44684BA}"
EndProject
Project("{9A19103F-16F7-4668-BE54-9A1E7A4F7556}") = "TraceSampleApi", "TraceSampleApi\TraceSampleApi.csproj", "{A0225D58-4AEA-4F4D-8B2D-2C13BD017A04}"
EndProject
Project("{9A19103F-16F7-4668-BE54-9A1E7A4F7556}") = "SerilogWebApi", "SerilogWebApi\SerilogWebApi.csproj", "{9A3D108A-436E-49AD-BA1B-812D30930868}"
EndProject
Project("{FAE04EC0-301F-11D3-BF4B-00C04F79EFBC}") = "SerilogRollingSample", "SerilogRollingSample\SerilogRollingSample.csproj", "{0D198A08-8637-482C-B939-454D6B3CA6D8}"
EndProject
Global
	GlobalSection(SolutionConfigurationPlatforms) = preSolution
		Debug|Any CPU = Debug|Any CPU
		Release|Any CPU = Release|Any CPU
	EndGlobalSection
	GlobalSection(ProjectConfigurationPlatforms) = postSolution
		{9F6C7A29-758D-481F-8FF5-8B0C1D99BFB3}.Debug|Any CPU.ActiveCfg = Debug|Any CPU
		{9F6C7A29-758D-481F-8FF5-8B0C1D99BFB3}.Debug|Any CPU.Build.0 = Debug|Any CPU
		{9F6C7A29-758D-481F-8FF5-8B0C1D99BFB3}.Release|Any CPU.ActiveCfg = Release|Any CPU
		{9F6C7A29-758D-481F-8FF5-8B0C1D99BFB3}.Release|Any CPU.Build.0 = Release|Any CPU
		{67644281-E688-4387-A5C2-911B99F79937}.Debug|Any CPU.ActiveCfg = Debug|Any CPU
		{67644281-E688-4387-A5C2-911B99F79937}.Debug|Any CPU.Build.0 = Debug|Any CPU
		{67644281-E688-4387-A5C2-911B99F79937}.Release|Any CPU.ActiveCfg = Release|Any CPU
		{67644281-E688-4387-A5C2-911B99F79937}.Release|Any CPU.Build.0 = Release|Any CPU
		{F07867CC-183E-45D2-B8C2-3DEFD91C7D22}.Debug|Any CPU.ActiveCfg = Debug|Any CPU
		{F07867CC-183E-45D2-B8C2-3DEFD91C7D22}.Debug|Any CPU.Build.0 = Debug|Any CPU
		{F07867CC-183E-45D2-B8C2-3DEFD91C7D22}.Release|Any CPU.ActiveCfg = Release|Any CPU
		{F07867CC-183E-45D2-B8C2-3DEFD91C7D22}.Release|Any CPU.Build.0 = Release|Any CPU
		{A0225D58-4AEA-4F4D-8B2D-2C13BD017A04}.Debug|Any CPU.ActiveCfg = Debug|Any CPU
		{A0225D58-4AEA-4F4D-8B2D-2C13BD017A04}.Debug|Any CPU.Build.0 = Debug|Any CPU
		{A0225D58-4AEA-4F4D-8B2D-2C13BD017A04}.Release|Any CPU.ActiveCfg = Release|Any CPU
		{A0225D58-4AEA-4F4D-8B2D-2C13BD017A04}.Release|Any CPU.Build.0 = Release|Any CPU
		{9A3D108A-436E-49AD-BA1B-812D30930868}.Debug|Any CPU.ActiveCfg = Debug|Any CPU
		{9A3D108A-436E-49AD-BA1B-812D30930868}.Debug|Any CPU.Build.0 = Debug|Any CPU
		{9A3D108A-436E-49AD-BA1B-812D30930868}.Release|Any CPU.ActiveCfg = Release|Any CPU
		{9A3D108A-436E-49AD-BA1B-812D30930868}.Release|Any CPU.Build.0 = Release|Any CPU
		{0D198A08-8637-482C-B939-454D6B3CA6D8}.Debug|Any CPU.ActiveCfg = Debug|Any CPU
		{0D198A08-8637-482C-B939-454D6B3CA6D8}.Debug|Any CPU.Build.0 = Debug|Any CPU
		{0D198A08-8637-482C-B939-454D6B3CA6D8}.Release|Any CPU.ActiveCfg = Release|Any CPU
		{0D198A08-8637-482C-B939-454D6B3CA6D8}.Release|Any CPU.Build.0 = Release|Any CPU
	EndGlobalSection
	GlobalSection(SolutionProperties) = preSolution
		HideSolutionNode = FALSE
	EndGlobalSection
	GlobalSection(NestedProjects) = preSolution
		{9F6C7A29-758D-481F-8FF5-8B0C1D99BFB3} = {CA1B561E-F19A-4E68-94D5-0FC7BFA0AD06}
		{67644281-E688-4387-A5C2-911B99F79937} = {CA1B561E-F19A-4E68-94D5-0FC7BFA0AD06}
		{F07867CC-183E-45D2-B8C2-3DEFD91C7D22} = {AF442D41-3982-477D-91B2-FC5B6581B419}
		{A0225D58-4AEA-4F4D-8B2D-2C13BD017A04} = {209BD12B-FABE-417B-B195-A9A8E44684BA}
		{9A3D108A-436E-49AD-BA1B-812D30930868} = {CA1B561E-F19A-4E68-94D5-0FC7BFA0AD06}
		{0D198A08-8637-482C-B939-454D6B3CA6D8} = {CA1B561E-F19A-4E68-94D5-0FC7BFA0AD06}
	EndGlobalSection
	GlobalSection(ExtensibilityGlobals) = postSolution
		SolutionGuid = {43C46101-B525-4514-ACD7-A16927E53223}
	EndGlobalSection
EndGlobal
